
Microsoft Visual Studio Solution File, Format Version 12.00
# Visual Studio Version 16
VisualStudioVersion = 16.0.30907.101
MinimumVisualStudioVersion = 10.0.40219.1
Project("{FAE04EC0-301F-11D3-BF4B-00C04F79EFBC}") = "EFProjeect", "EFProjeect_DBFirst\EFProjeect.csproj", "{14E74457-1B93-481F-865A-B0F2F48CBFD1}"
EndProject
Global
	GlobalSection(SolutionConfigurationPlatforms) = preSolution
		Debug|Any CPU = Debug|Any CPU
		Release|Any CPU = Release|Any CPU
	EndGlobalSection
	GlobalSection(ProjectConfigurationPlatforms) = postSolution
		{14E74457-1B93-481F-865A-B0F2F48CBFD1}.Debug|Any CPU.ActiveCfg = Debug|Any CPU
		{14E74457-1B93-481F-865A-B0F2F48CBFD1}.Debug|Any CPU.Build.0 = Debug|Any CPU
		{14E74457-1B93-481F-865A-B0F2F48CBFD1}.Release|Any CPU.ActiveCfg = Release|Any CPU
		{14E74457-1B93-481F-865A-B0F2F48CBFD1}.Release|Any CPU.Build.0 = Release|Any CPU
	EndGlobalSection
	GlobalSection(SolutionProperties) = preSolution
		HideSolutionNode = FALSE
	EndGlobalSection
	GlobalSection(ExtensibilityGlobals) = postSolution
		SolutionGuid = {04316C42-9D60-42AF-ADFD-9308A9C7F55B}
	EndGlobalSection
EndGlobal
